
Microsoft Visual Studio Solution File, Format Version 12.00
# Visual Studio Version 17
VisualStudioVersion = 17.0.31611.283
MinimumVisualStudioVersion = 10.0.40219.1
Project("{9A19103F-16F7-4668-BE54-9A1E7A4F7556}") = "DailyPoetryM", "DailyPoetryM\DailyPoetryM.csproj", "{03FD9118-E362-469A-A4F7-2890AB3291F2}"
EndProject
Project("{FAE04EC0-301F-11D3-BF4B-00C04F79EFBC}") = "DailyPoetryM.UnitTest", "DailyPoetryM.UnitTest\DailyPoetryM.UnitTest.csproj", "{2604B330-3EBD-443C-A4E1-60531AE887E0}"
EndProject
Project("{FAE04EC0-301F-11D3-BF4B-00C04F79EFBC}") = "DailyPoetryM.Library", "DailyPoetryM.Library\DailyPoetryM.Library.csproj", "{A54DF30B-3D37-4491-BD80-87D0ADD343A5}"
EndProject
Project("{FAE04EC0-301F-11D3-BF4B-00C04F79EFBC}") = "MauiLib1", "MauiLib1\MauiLib1.csproj", "{55D4350B-C5F6-413B-88A9-A1818985DB84}"
EndProject
Global
	GlobalSection(SolutionConfigurationPlatforms) = preSolution
		Debug|Any CPU = Debug|Any CPU
		Release|Any CPU = Release|Any CPU
	EndGlobalSection
	GlobalSection(ProjectConfigurationPlatforms) = postSolution
		{03FD9118-E362-469A-A4F7-2890AB3291F2}.Debug|Any CPU.ActiveCfg = Debug|Any CPU
		{03FD9118-E362-469A-A4F7-2890AB3291F2}.Debug|Any CPU.Build.0 = Debug|Any CPU
		{03FD9118-E362-469A-A4F7-2890AB3291F2}.Debug|Any CPU.Deploy.0 = Debug|Any CPU
		{03FD9118-E362-469A-A4F7-2890AB3291F2}.Release|Any CPU.ActiveCfg = Release|Any CPU
		{03FD9118-E362-469A-A4F7-2890AB3291F2}.Release|Any CPU.Build.0 = Release|Any CPU
		{03FD9118-E362-469A-A4F7-2890AB3291F2}.Release|Any CPU.Deploy.0 = Release|Any CPU
		{2604B330-3EBD-443C-A4E1-60531AE887E0}.Debug|Any CPU.ActiveCfg = Debug|Any CPU
		{2604B330-3EBD-443C-A4E1-60531AE887E0}.Debug|Any CPU.Build.0 = Debug|Any CPU
		{2604B330-3EBD-443C-A4E1-60531AE887E0}.Release|Any CPU.ActiveCfg = Release|Any CPU
		{2604B330-3EBD-443C-A4E1-60531AE887E0}.Release|Any CPU.Build.0 = Release|Any CPU
		{A54DF30B-3D37-4491-BD80-87D0ADD343A5}.Debug|Any CPU.ActiveCfg = Debug|Any CPU
		{A54DF30B-3D37-4491-BD80-87D0ADD343A5}.Debug|Any CPU.Build.0 = Debug|Any CPU
		{A54DF30B-3D37-4491-BD80-87D0ADD343A5}.Release|Any CPU.ActiveCfg = Release|Any CPU
		{A54DF30B-3D37-4491-BD80-87D0ADD343A5}.Release|Any CPU.Build.0 = Release|Any CPU
		{55D4350B-C5F6-413B-88A9-A1818985DB84}.Debug|Any CPU.ActiveCfg = Debug|Any CPU
		{55D4350B-C5F6-413B-88A9-A1818985DB84}.Debug|Any CPU.Build.0 = Debug|Any CPU
		{55D4350B-C5F6-413B-88A9-A1818985DB84}.Release|Any CPU.ActiveCfg = Release|Any CPU
		{55D4350B-C5F6-413B-88A9-A1818985DB84}.Release|Any CPU.Build.0 = Release|Any CPU
	EndGlobalSection
	GlobalSection(SolutionProperties) = preSolution
		HideSolutionNode = FALSE
	EndGlobalSection
	GlobalSection(ExtensibilityGlobals) = postSolution
		SolutionGuid = {61F7FB11-1E47-470C-91E2-47F8143E1572}
	EndGlobalSection
EndGlobal
